
Microsoft Visual Studio Solution File, Format Version 12.00
# Visual Studio Version 16
VisualStudioVersion = 16.0.31229.75
MinimumVisualStudioVersion = 10.0.40219.1
Project("{FAE04EC0-301F-11D3-BF4B-00C04F79EFBC}") = "GraphQlProject", "GraphQlProject\GraphQlProject.csproj", "{07B04F38-E08D-435A-A744-8EDD29A41952}"
EndProject
Global
	GlobalSection(SolutionConfigurationPlatforms) = preSolution
		Debug|Any CPU = Debug|Any CPU
		Release|Any CPU = Release|Any CPU
	EndGlobalSection
	GlobalSection(ProjectConfigurationPlatforms) = postSolution
		{07B04F38-E08D-435A-A744-8EDD29A41952}.Debug|Any CPU.ActiveCfg = Debug|Any CPU
		{07B04F38-E08D-435A-A744-8EDD29A41952}.Debug|Any CPU.Build.0 = Debug|Any CPU
		{07B04F38-E08D-435A-A744-8EDD29A41952}.Release|Any CPU.ActiveCfg = Release|Any CPU
		{07B04F38-E08D-435A-A744-8EDD29A41952}.Release|Any CPU.Build.0 = Release|Any CPU
	EndGlobalSection
	GlobalSection(SolutionProperties) = preSolution
		HideSolutionNode = FALSE
	EndGlobalSection
	GlobalSection(ExtensibilityGlobals) = postSolution
		SolutionGuid = {924F2A1A-46C1-405A-97EE-F2930B25AE02}
	EndGlobalSection
EndGlobal
